
Microsoft Visual Studio Solution File, Format Version 12.00
# Visual Studio Version 17
VisualStudioVersion = 17.10.35013.160
MinimumVisualStudioVersion = 10.0.40219.1
Project("{FAE04EC0-301F-11D3-BF4B-00C04F79EFBC}") = "2024_08_01_HomeWork2", "2024_08_01_HomeWork2.csproj", "{FD7B0E5C-01D8-4B73-B0E7-49EC62E455D0}"
EndProject
Global
	GlobalSection(SolutionConfigurationPlatforms) = preSolution
		Debug|Any CPU = Debug|Any CPU
		Release|Any CPU = Release|Any CPU
	EndGlobalSection
	GlobalSection(ProjectConfigurationPlatforms) = postSolution
		{FD7B0E5C-01D8-4B73-B0E7-49EC62E455D0}.Debug|Any CPU.ActiveCfg = Debug|Any CPU
		{FD7B0E5C-01D8-4B73-B0E7-49EC62E455D0}.Debug|Any CPU.Build.0 = Debug|Any CPU
		{FD7B0E5C-01D8-4B73-B0E7-49EC62E455D0}.Release|Any CPU.ActiveCfg = Release|Any CPU
		{FD7B0E5C-01D8-4B73-B0E7-49EC62E455D0}.Release|Any CPU.Build.0 = Release|Any CPU
	EndGlobalSection
	GlobalSection(SolutionProperties) = preSolution
		HideSolutionNode = FALSE
	EndGlobalSection
	GlobalSection(ExtensibilityGlobals) = postSolution
		SolutionGuid = {22F6CA5E-187F-49B8-8240-E8D06E4A075B}
	EndGlobalSection
EndGlobal
