
Microsoft Visual Studio Solution File, Format Version 12.00
# Visual Studio Version 17
VisualStudioVersion = 17.10.35013.160
MinimumVisualStudioVersion = 10.0.40219.1
Project("{FAE04EC0-301F-11D3-BF4B-00C04F79EFBC}") = "HomeWork_0712", "HomeWork_0712.csproj", "{7AE62471-2016-4FD7-86D7-FECF2EBD4CAF}"
EndProject
Global
	GlobalSection(SolutionConfigurationPlatforms) = preSolution
		Debug|Any CPU = Debug|Any CPU
		Release|Any CPU = Release|Any CPU
	EndGlobalSection
	GlobalSection(ProjectConfigurationPlatforms) = postSolution
		{7AE62471-2016-4FD7-86D7-FECF2EBD4CAF}.Debug|Any CPU.ActiveCfg = Debug|Any CPU
		{7AE62471-2016-4FD7-86D7-FECF2EBD4CAF}.Debug|Any CPU.Build.0 = Debug|Any CPU
		{7AE62471-2016-4FD7-86D7-FECF2EBD4CAF}.Release|Any CPU.ActiveCfg = Release|Any CPU
		{7AE62471-2016-4FD7-86D7-FECF2EBD4CAF}.Release|Any CPU.Build.0 = Release|Any CPU
	EndGlobalSection
	GlobalSection(SolutionProperties) = preSolution
		HideSolutionNode = FALSE
	EndGlobalSection
	GlobalSection(ExtensibilityGlobals) = postSolution
		SolutionGuid = {628C8BB6-FCD4-452B-ABB3-40A7AD1B0A00}
	EndGlobalSection
EndGlobal
