
Microsoft Visual Studio Solution File, Format Version 12.00
# Visual Studio Version 17
VisualStudioVersion = 17.10.35013.160
MinimumVisualStudioVersion = 10.0.40219.1
Project("{FAE04EC0-301F-11D3-BF4B-00C04F79EFBC}") = "2024_07_25_8", "2024_07_25_8.csproj", "{295FC9AD-92DA-4C77-A487-C3AAAF4AAD5B}"
EndProject
Global
	GlobalSection(SolutionConfigurationPlatforms) = preSolution
		Debug|Any CPU = Debug|Any CPU
		Release|Any CPU = Release|Any CPU
	EndGlobalSection
	GlobalSection(ProjectConfigurationPlatforms) = postSolution
		{295FC9AD-92DA-4C77-A487-C3AAAF4AAD5B}.Debug|Any CPU.ActiveCfg = Debug|Any CPU
		{295FC9AD-92DA-4C77-A487-C3AAAF4AAD5B}.Debug|Any CPU.Build.0 = Debug|Any CPU
		{295FC9AD-92DA-4C77-A487-C3AAAF4AAD5B}.Release|Any CPU.ActiveCfg = Release|Any CPU
		{295FC9AD-92DA-4C77-A487-C3AAAF4AAD5B}.Release|Any CPU.Build.0 = Release|Any CPU
	EndGlobalSection
	GlobalSection(SolutionProperties) = preSolution
		HideSolutionNode = FALSE
	EndGlobalSection
	GlobalSection(ExtensibilityGlobals) = postSolution
		SolutionGuid = {CD48F2F4-A6A3-4C19-B7C4-95784DBF20FC}
	EndGlobalSection
EndGlobal
