
Microsoft Visual Studio Solution File, Format Version 12.00
# Visual Studio Version 17
VisualStudioVersion = 17.10.35013.160
MinimumVisualStudioVersion = 10.0.40219.1
Project("{FAE04EC0-301F-11D3-BF4B-00C04F79EFBC}") = "2024_08_08_1", "2024_08_08_1.csproj", "{0E88A310-C63F-4D39-898D-7DE9A01550C6}"
EndProject
Global
	GlobalSection(SolutionConfigurationPlatforms) = preSolution
		Debug|Any CPU = Debug|Any CPU
		Release|Any CPU = Release|Any CPU
	EndGlobalSection
	GlobalSection(ProjectConfigurationPlatforms) = postSolution
		{0E88A310-C63F-4D39-898D-7DE9A01550C6}.Debug|Any CPU.ActiveCfg = Debug|Any CPU
		{0E88A310-C63F-4D39-898D-7DE9A01550C6}.Debug|Any CPU.Build.0 = Debug|Any CPU
		{0E88A310-C63F-4D39-898D-7DE9A01550C6}.Release|Any CPU.ActiveCfg = Release|Any CPU
		{0E88A310-C63F-4D39-898D-7DE9A01550C6}.Release|Any CPU.Build.0 = Release|Any CPU
	EndGlobalSection
	GlobalSection(SolutionProperties) = preSolution
		HideSolutionNode = FALSE
	EndGlobalSection
	GlobalSection(ExtensibilityGlobals) = postSolution
		SolutionGuid = {88991DC5-B591-41F4-8A15-98DA2AC4919B}
	EndGlobalSection
EndGlobal
