
Microsoft Visual Studio Solution File, Format Version 12.00
# Visual Studio Version 17
VisualStudioVersion = 17.10.35013.160
MinimumVisualStudioVersion = 10.0.40219.1
Project("{FAE04EC0-301F-11D3-BF4B-00C04F79EFBC}") = "2024_07_15", "2024_07_15.csproj", "{D6ED1F60-B727-4E34-8E79-8D235F06DE1B}"
EndProject
Global
	GlobalSection(SolutionConfigurationPlatforms) = preSolution
		Debug|Any CPU = Debug|Any CPU
		Release|Any CPU = Release|Any CPU
	EndGlobalSection
	GlobalSection(ProjectConfigurationPlatforms) = postSolution
		{D6ED1F60-B727-4E34-8E79-8D235F06DE1B}.Debug|Any CPU.ActiveCfg = Debug|Any CPU
		{D6ED1F60-B727-4E34-8E79-8D235F06DE1B}.Debug|Any CPU.Build.0 = Debug|Any CPU
		{D6ED1F60-B727-4E34-8E79-8D235F06DE1B}.Release|Any CPU.ActiveCfg = Release|Any CPU
		{D6ED1F60-B727-4E34-8E79-8D235F06DE1B}.Release|Any CPU.Build.0 = Release|Any CPU
	EndGlobalSection
	GlobalSection(SolutionProperties) = preSolution
		HideSolutionNode = FALSE
	EndGlobalSection
	GlobalSection(ExtensibilityGlobals) = postSolution
		SolutionGuid = {106D73F1-18E1-4B0C-B5E2-BA05FC4A12E3}
	EndGlobalSection
EndGlobal
