
Microsoft Visual Studio Solution File, Format Version 12.00
# Visual Studio Version 17
VisualStudioVersion = 17.10.35013.160
MinimumVisualStudioVersion = 10.0.40219.1
Project("{FAE04EC0-301F-11D3-BF4B-00C04F79EFBC}") = "2024_07_23_HomeWork2", "2024_07_23_HomeWork2.csproj", "{380D057F-A167-4AED-BACE-6E4B8F83D3C1}"
EndProject
Global
	GlobalSection(SolutionConfigurationPlatforms) = preSolution
		Debug|Any CPU = Debug|Any CPU
		Release|Any CPU = Release|Any CPU
	EndGlobalSection
	GlobalSection(ProjectConfigurationPlatforms) = postSolution
		{380D057F-A167-4AED-BACE-6E4B8F83D3C1}.Debug|Any CPU.ActiveCfg = Debug|Any CPU
		{380D057F-A167-4AED-BACE-6E4B8F83D3C1}.Debug|Any CPU.Build.0 = Debug|Any CPU
		{380D057F-A167-4AED-BACE-6E4B8F83D3C1}.Release|Any CPU.ActiveCfg = Release|Any CPU
		{380D057F-A167-4AED-BACE-6E4B8F83D3C1}.Release|Any CPU.Build.0 = Release|Any CPU
	EndGlobalSection
	GlobalSection(SolutionProperties) = preSolution
		HideSolutionNode = FALSE
	EndGlobalSection
	GlobalSection(ExtensibilityGlobals) = postSolution
		SolutionGuid = {27ACD7CC-2939-4DFD-B6E0-123712EBD006}
	EndGlobalSection
EndGlobal
