
Microsoft Visual Studio Solution File, Format Version 12.00
# Visual Studio Version 17
VisualStudioVersion = 17.10.35013.160
MinimumVisualStudioVersion = 10.0.40219.1
Project("{FAE04EC0-301F-11D3-BF4B-00C04F79EFBC}") = "2024_07_25_10", "2024_07_25_10.csproj", "{7D145942-EDA9-43E0-BBBA-5C1BA52C352C}"
EndProject
Global
	GlobalSection(SolutionConfigurationPlatforms) = preSolution
		Debug|Any CPU = Debug|Any CPU
		Release|Any CPU = Release|Any CPU
	EndGlobalSection
	GlobalSection(ProjectConfigurationPlatforms) = postSolution
		{7D145942-EDA9-43E0-BBBA-5C1BA52C352C}.Debug|Any CPU.ActiveCfg = Debug|Any CPU
		{7D145942-EDA9-43E0-BBBA-5C1BA52C352C}.Debug|Any CPU.Build.0 = Debug|Any CPU
		{7D145942-EDA9-43E0-BBBA-5C1BA52C352C}.Release|Any CPU.ActiveCfg = Release|Any CPU
		{7D145942-EDA9-43E0-BBBA-5C1BA52C352C}.Release|Any CPU.Build.0 = Release|Any CPU
	EndGlobalSection
	GlobalSection(SolutionProperties) = preSolution
		HideSolutionNode = FALSE
	EndGlobalSection
	GlobalSection(ExtensibilityGlobals) = postSolution
		SolutionGuid = {5756F78B-B252-4D4D-ADAD-03B6335EBF45}
	EndGlobalSection
EndGlobal
