
Microsoft Visual Studio Solution File, Format Version 12.00
# Visual Studio Version 17
VisualStudioVersion = 17.10.35013.160
MinimumVisualStudioVersion = 10.0.40219.1
Project("{FAE04EC0-301F-11D3-BF4B-00C04F79EFBC}") = "2024_08_01_Graph", "2024_08_01_Graph.csproj", "{9407ADC7-F0D8-4AA4-9EB9-237E9CBF2A56}"
EndProject
Global
	GlobalSection(SolutionConfigurationPlatforms) = preSolution
		Debug|Any CPU = Debug|Any CPU
		Release|Any CPU = Release|Any CPU
	EndGlobalSection
	GlobalSection(ProjectConfigurationPlatforms) = postSolution
		{9407ADC7-F0D8-4AA4-9EB9-237E9CBF2A56}.Debug|Any CPU.ActiveCfg = Debug|Any CPU
		{9407ADC7-F0D8-4AA4-9EB9-237E9CBF2A56}.Debug|Any CPU.Build.0 = Debug|Any CPU
		{9407ADC7-F0D8-4AA4-9EB9-237E9CBF2A56}.Release|Any CPU.ActiveCfg = Release|Any CPU
		{9407ADC7-F0D8-4AA4-9EB9-237E9CBF2A56}.Release|Any CPU.Build.0 = Release|Any CPU
	EndGlobalSection
	GlobalSection(SolutionProperties) = preSolution
		HideSolutionNode = FALSE
	EndGlobalSection
	GlobalSection(ExtensibilityGlobals) = postSolution
		SolutionGuid = {C4DE0535-3768-4505-97F9-FA18DE64A6E5}
	EndGlobalSection
EndGlobal
