
Microsoft Visual Studio Solution File, Format Version 12.00
# Visual Studio Version 17
VisualStudioVersion = 17.10.35013.160
MinimumVisualStudioVersion = 10.0.40219.1
Project("{FAE04EC0-301F-11D3-BF4B-00C04F79EFBC}") = "2024_08_08_HomeWork2", "2024_08_08_HomeWork2.csproj", "{22FC80B9-76B3-4A0D-A0E5-24DA73B30571}"
EndProject
Global
	GlobalSection(SolutionConfigurationPlatforms) = preSolution
		Debug|Any CPU = Debug|Any CPU
		Release|Any CPU = Release|Any CPU
	EndGlobalSection
	GlobalSection(ProjectConfigurationPlatforms) = postSolution
		{22FC80B9-76B3-4A0D-A0E5-24DA73B30571}.Debug|Any CPU.ActiveCfg = Debug|Any CPU
		{22FC80B9-76B3-4A0D-A0E5-24DA73B30571}.Debug|Any CPU.Build.0 = Debug|Any CPU
		{22FC80B9-76B3-4A0D-A0E5-24DA73B30571}.Release|Any CPU.ActiveCfg = Release|Any CPU
		{22FC80B9-76B3-4A0D-A0E5-24DA73B30571}.Release|Any CPU.Build.0 = Release|Any CPU
	EndGlobalSection
	GlobalSection(SolutionProperties) = preSolution
		HideSolutionNode = FALSE
	EndGlobalSection
	GlobalSection(ExtensibilityGlobals) = postSolution
		SolutionGuid = {8FE69A86-DC05-41B1-A6D7-85835FBD2B13}
	EndGlobalSection
EndGlobal
