
Microsoft Visual Studio Solution File, Format Version 12.00
# Visual Studio Version 17
VisualStudioVersion = 17.10.35013.160
MinimumVisualStudioVersion = 10.0.40219.1
Project("{FAE04EC0-301F-11D3-BF4B-00C04F79EFBC}") = "2024_07_12_2", "2024_07_12_2.csproj", "{40E69A88-AF71-4CC0-8C00-8E548A36FEFF}"
EndProject
Global
	GlobalSection(SolutionConfigurationPlatforms) = preSolution
		Debug|Any CPU = Debug|Any CPU
		Release|Any CPU = Release|Any CPU
	EndGlobalSection
	GlobalSection(ProjectConfigurationPlatforms) = postSolution
		{40E69A88-AF71-4CC0-8C00-8E548A36FEFF}.Debug|Any CPU.ActiveCfg = Debug|Any CPU
		{40E69A88-AF71-4CC0-8C00-8E548A36FEFF}.Debug|Any CPU.Build.0 = Debug|Any CPU
		{40E69A88-AF71-4CC0-8C00-8E548A36FEFF}.Release|Any CPU.ActiveCfg = Release|Any CPU
		{40E69A88-AF71-4CC0-8C00-8E548A36FEFF}.Release|Any CPU.Build.0 = Release|Any CPU
	EndGlobalSection
	GlobalSection(SolutionProperties) = preSolution
		HideSolutionNode = FALSE
	EndGlobalSection
	GlobalSection(ExtensibilityGlobals) = postSolution
		SolutionGuid = {6A06712D-BF68-4AF9-A515-FC7C555B6BF4}
	EndGlobalSection
EndGlobal
