
Microsoft Visual Studio Solution File, Format Version 12.00
# Visual Studio Version 17
VisualStudioVersion = 17.10.35013.160
MinimumVisualStudioVersion = 10.0.40219.1
Project("{FAE04EC0-301F-11D3-BF4B-00C04F79EFBC}") = "2024_07_26_HomeWork1", "2024_07_26_HomeWork1.csproj", "{2430F54B-442B-4AC8-B214-206063A52ADF}"
EndProject
Global
	GlobalSection(SolutionConfigurationPlatforms) = preSolution
		Debug|Any CPU = Debug|Any CPU
		Release|Any CPU = Release|Any CPU
	EndGlobalSection
	GlobalSection(ProjectConfigurationPlatforms) = postSolution
		{2430F54B-442B-4AC8-B214-206063A52ADF}.Debug|Any CPU.ActiveCfg = Debug|Any CPU
		{2430F54B-442B-4AC8-B214-206063A52ADF}.Debug|Any CPU.Build.0 = Debug|Any CPU
		{2430F54B-442B-4AC8-B214-206063A52ADF}.Release|Any CPU.ActiveCfg = Release|Any CPU
		{2430F54B-442B-4AC8-B214-206063A52ADF}.Release|Any CPU.Build.0 = Release|Any CPU
	EndGlobalSection
	GlobalSection(SolutionProperties) = preSolution
		HideSolutionNode = FALSE
	EndGlobalSection
	GlobalSection(ExtensibilityGlobals) = postSolution
		SolutionGuid = {2CB42763-D822-4320-A276-E1AFCA3EAF4C}
	EndGlobalSection
EndGlobal
