
Microsoft Visual Studio Solution File, Format Version 12.00
# Visual Studio Version 17
VisualStudioVersion = 17.10.35013.160
MinimumVisualStudioVersion = 10.0.40219.1
Project("{FAE04EC0-301F-11D3-BF4B-00C04F79EFBC}") = "2024_07_12_3", "2024_07_12_3.csproj", "{5064CF59-0508-48C1-9868-E7EFCE2F61D4}"
EndProject
Global
	GlobalSection(SolutionConfigurationPlatforms) = preSolution
		Debug|Any CPU = Debug|Any CPU
		Release|Any CPU = Release|Any CPU
	EndGlobalSection
	GlobalSection(ProjectConfigurationPlatforms) = postSolution
		{5064CF59-0508-48C1-9868-E7EFCE2F61D4}.Debug|Any CPU.ActiveCfg = Debug|Any CPU
		{5064CF59-0508-48C1-9868-E7EFCE2F61D4}.Debug|Any CPU.Build.0 = Debug|Any CPU
		{5064CF59-0508-48C1-9868-E7EFCE2F61D4}.Release|Any CPU.ActiveCfg = Release|Any CPU
		{5064CF59-0508-48C1-9868-E7EFCE2F61D4}.Release|Any CPU.Build.0 = Release|Any CPU
	EndGlobalSection
	GlobalSection(SolutionProperties) = preSolution
		HideSolutionNode = FALSE
	EndGlobalSection
	GlobalSection(ExtensibilityGlobals) = postSolution
		SolutionGuid = {35410390-61C3-4A97-90C5-DB01CEA558D8}
	EndGlobalSection
EndGlobal
