
Microsoft Visual Studio Solution File, Format Version 12.00
# Visual Studio Version 17
VisualStudioVersion = 17.10.35013.160
MinimumVisualStudioVersion = 10.0.40219.1
Project("{FAE04EC0-301F-11D3-BF4B-00C04F79EFBC}") = "2024_07_26_HomeWork4", "2024_07_26_HomeWork4.csproj", "{21167884-691E-4769-B45B-41501546EB7E}"
EndProject
Global
	GlobalSection(SolutionConfigurationPlatforms) = preSolution
		Debug|Any CPU = Debug|Any CPU
		Release|Any CPU = Release|Any CPU
	EndGlobalSection
	GlobalSection(ProjectConfigurationPlatforms) = postSolution
		{21167884-691E-4769-B45B-41501546EB7E}.Debug|Any CPU.ActiveCfg = Debug|Any CPU
		{21167884-691E-4769-B45B-41501546EB7E}.Debug|Any CPU.Build.0 = Debug|Any CPU
		{21167884-691E-4769-B45B-41501546EB7E}.Release|Any CPU.ActiveCfg = Release|Any CPU
		{21167884-691E-4769-B45B-41501546EB7E}.Release|Any CPU.Build.0 = Release|Any CPU
	EndGlobalSection
	GlobalSection(SolutionProperties) = preSolution
		HideSolutionNode = FALSE
	EndGlobalSection
	GlobalSection(ExtensibilityGlobals) = postSolution
		SolutionGuid = {56A8ED55-8808-4596-B4C1-BEE802E3DB03}
	EndGlobalSection
EndGlobal
