
Microsoft Visual Studio Solution File, Format Version 12.00
# Visual Studio Version 17
VisualStudioVersion = 17.10.35013.160
MinimumVisualStudioVersion = 10.0.40219.1
Project("{FAE04EC0-301F-11D3-BF4B-00C04F79EFBC}") = "2024_07_15_3", "2024_07_15_3.csproj", "{949CCDA6-C633-499D-B772-78C0DD9773F4}"
EndProject
Global
	GlobalSection(SolutionConfigurationPlatforms) = preSolution
		Debug|Any CPU = Debug|Any CPU
		Release|Any CPU = Release|Any CPU
	EndGlobalSection
	GlobalSection(ProjectConfigurationPlatforms) = postSolution
		{949CCDA6-C633-499D-B772-78C0DD9773F4}.Debug|Any CPU.ActiveCfg = Debug|Any CPU
		{949CCDA6-C633-499D-B772-78C0DD9773F4}.Debug|Any CPU.Build.0 = Debug|Any CPU
		{949CCDA6-C633-499D-B772-78C0DD9773F4}.Release|Any CPU.ActiveCfg = Release|Any CPU
		{949CCDA6-C633-499D-B772-78C0DD9773F4}.Release|Any CPU.Build.0 = Release|Any CPU
	EndGlobalSection
	GlobalSection(SolutionProperties) = preSolution
		HideSolutionNode = FALSE
	EndGlobalSection
	GlobalSection(ExtensibilityGlobals) = postSolution
		SolutionGuid = {39F27331-5CE7-4379-BB19-DB6C9CBCE541}
	EndGlobalSection
EndGlobal
